
Microsoft Visual Studio Solution File, Format Version 12.00
# Visual Studio Version 17
VisualStudioVersion = 17.8.34316.72
MinimumVisualStudioVersion = 10.0.40219.1
Project("{FAE04EC0-301F-11D3-BF4B-00C04F79EFBC}") = "EntityWorkers", "EntityWorkers\EntityWorkers.csproj", "{96E60A06-CC3A-4281-9D00-0481A191A86C}"
EndProject
Global
	GlobalSection(SolutionConfigurationPlatforms) = preSolution
		Debug|Any CPU = Debug|Any CPU
		Release|Any CPU = Release|Any CPU
	EndGlobalSection
	GlobalSection(ProjectConfigurationPlatforms) = postSolution
		{96E60A06-CC3A-4281-9D00-0481A191A86C}.Debug|Any CPU.ActiveCfg = Debug|Any CPU
		{96E60A06-CC3A-4281-9D00-0481A191A86C}.Debug|Any CPU.Build.0 = Debug|Any CPU
		{96E60A06-CC3A-4281-9D00-0481A191A86C}.Release|Any CPU.ActiveCfg = Release|Any CPU
		{96E60A06-CC3A-4281-9D00-0481A191A86C}.Release|Any CPU.Build.0 = Release|Any CPU
	EndGlobalSection
	GlobalSection(SolutionProperties) = preSolution
		HideSolutionNode = FALSE
	EndGlobalSection
	GlobalSection(ExtensibilityGlobals) = postSolution
		SolutionGuid = {58E9C587-AB44-4742-895D-E7B3DFA933FF}
	EndGlobalSection
EndGlobal
